
Microsoft Visual Studio Solution File, Format Version 12.00
# Visual Studio Version 17
VisualStudioVersion = 17.11.35312.102
MinimumVisualStudioVersion = 10.0.40219.1
Project("{8BC9CEB8-8B4A-11D0-8D11-00A0C91BC942}") = "算优秀率", "算优秀率\算优秀率.vcxproj", "{8AC1C963-3F6E-4B62-9AC9-0C55A7ADCE69}"
EndProject
Global
	GlobalSection(SolutionConfigurationPlatforms) = preSolution
		Debug|x64 = Debug|x64
		Debug|x86 = Debug|x86
		Release|x64 = Release|x64
		Release|x86 = Release|x86
	EndGlobalSection
	GlobalSection(ProjectConfigurationPlatforms) = postSolution
		{8AC1C963-3F6E-4B62-9AC9-0C55A7ADCE69}.Debug|x64.ActiveCfg = Debug|x64
		{8AC1C963-3F6E-4B62-9AC9-0C55A7ADCE69}.Debug|x64.Build.0 = Debug|x64
		{8AC1C963-3F6E-4B62-9AC9-0C55A7ADCE69}.Debug|x86.ActiveCfg = Debug|Win32
		{8AC1C963-3F6E-4B62-9AC9-0C55A7ADCE69}.Debug|x86.Build.0 = Debug|Win32
		{8AC1C963-3F6E-4B62-9AC9-0C55A7ADCE69}.Release|x64.ActiveCfg = Release|x64
		{8AC1C963-3F6E-4B62-9AC9-0C55A7ADCE69}.Release|x64.Build.0 = Release|x64
		{8AC1C963-3F6E-4B62-9AC9-0C55A7ADCE69}.Release|x86.ActiveCfg = Release|Win32
		{8AC1C963-3F6E-4B62-9AC9-0C55A7ADCE69}.Release|x86.Build.0 = Release|Win32
	EndGlobalSection
	GlobalSection(SolutionProperties) = preSolution
		HideSolutionNode = FALSE
	EndGlobalSection
	GlobalSection(ExtensibilityGlobals) = postSolution
		SolutionGuid = {2CAF7663-7D52-4154-B6AA-0C7CEFBE8E72}
	EndGlobalSection
EndGlobal
